// !$*UTF8*$!
{
	archiveVersion = 1;
	classes = {
	};
	objectVersion = 56;
	objects = {

/* Begin PBXBuildFile section */
		183EF5612B2AD94C00D600EA /* swiftUI_1App.swift in Sources */ = {isa = PBXBuildFile; fileRef = 183EF5602B2AD94C00D600EA /* swiftUI_1App.swift */; };
		183EF5632B2AD94C00D600EA /* ContentView.swift in Sources */ = {isa = PBXBuildFile; fileRef = 183EF5622B2AD94C00D600EA /* ContentView.swift */; };
		183EF5652B2AD94E00D600EA /* Assets.xcassets in Resources */ = {isa = PBXBuildFile; fileRef = 183EF5642B2AD94E00D600EA /* Assets.xcassets */; };
		183EF5682B2AD94E00D600EA /* Preview Assets.xcassets in Resources */ = {isa = PBXBuildFile; fileRef = 183EF5672B2AD94E00D600EA /* Preview Assets.xcassets */; };
		183EF56F2B2B544F00D600EA /* WeatherButton.swift in Sources */ = {isa = PBXBuildFile; fileRef = 183EF56E2B2B544F00D600EA /* WeatherButton.swift */; };
		183EF5712B2B548300D600EA /* MainWeatherStatus.swift in Sources */ = {isa = PBXBuildFile; fileRef = 183EF5702B2B548300D600EA /* MainWeatherStatus.swift */; };
		183EF5732B2B54A200D600EA /* CityTextView.swift in Sources */ = {isa = PBXBuildFile; fileRef = 183EF5722B2B54A200D600EA /* CityTextView.swift */; };
		183EF5752B2B54C300D600EA /* BackgroundView.swift in Sources */ = {isa = PBXBuildFile; fileRef = 183EF5742B2B54C300D600EA /* BackgroundView.swift */; };
		183EF5772B2B54E300D600EA /* WeatherView.swift in Sources */ = {isa = PBXBuildFile; fileRef = 183EF5762B2B54E200D600EA /* WeatherView.swift */; };
/* End PBXBuildFile section */

/* Begin PBXFileReference section */
		183EF55D2B2AD94C00D600EA /* swiftUI-1.app */ = {isa = PBXFileReference; explicitFileType = wrapper.application; includeInIndex = 0; path = "swiftUI-1.app"; sourceTree = BUILT_PRODUCTS_DIR; };
		183EF5602B2AD94C00D600EA /* swiftUI_1App.swift */ = {isa = PBXFileReference; lastKnownFileType = sourcecode.swift; path = swiftUI_1App.swift; sourceTree = "<group>"; };
		183EF5622B2AD94C00D600EA /* ContentView.swift */ = {isa = PBXFileReference; lastKnownFileType = sourcecode.swift; path = ContentView.swift; sourceTree = "<group>"; };
		183EF5642B2AD94E00D600EA /* Assets.xcassets */ = {isa = PBXFileReference; lastKnownFileType = folder.assetcatalog; path = Assets.xcassets; sourceTree = "<group>"; };
		183EF5672B2AD94E00D600EA /* Preview Assets.xcassets */ = {isa = PBXFileReference; lastKnownFileType = folder.assetcatalog; path = "Preview Assets.xcassets"; sourceTree = "<group>"; };
		183EF56E2B2B544F00D600EA /* WeatherButton.swift */ = {isa = PBXFileReference; lastKnownFileType = sourcecode.swift; path = WeatherButton.swift; sourceTree = "<group>"; };
		183EF5702B2B548300D600EA /* MainWeatherStatus.swift */ = {isa = PBXFileReference; lastKnownFileType = sourcecode.swift; path = MainWeatherStatus.swift; sourceTree = "<group>"; };
		183EF5722B2B54A200D600EA /* CityTextView.swift */ = {isa = PBXFileReference; lastKnownFileType = sourcecode.swift; path = CityTextView.swift; sourceTree = "<group>"; };
		183EF5742B2B54C300D600EA /* BackgroundView.swift */ = {isa = PBXFileReference; lastKnownFileType = sourcecode.swift; path = BackgroundView.swift; sourceTree = "<group>"; };
		183EF5762B2B54E200D600EA /* WeatherView.swift */ = {isa = PBXFileReference; lastKnownFileType = sourcecode.swift; path = WeatherView.swift; sourceTree = "<group>"; };
/* End PBXFileReference section */

/* Begin PBXFrameworksBuildPhase section */
		183EF55A2B2AD94C00D600EA /* Frameworks */ = {
			isa = PBXFrameworksBuildPhase;
			buildActionMask = 2147483647;
			files = (
			);
			runOnlyForDeploymentPostprocessing = 0;
		};
/* End PBXFrameworksBuildPhase section */

/* Begin PBXGroup section */
		183EF5542B2AD94C00D600EA = {
			isa = PBXGroup;
			children = (
				183EF55F2B2AD94C00D600EA /* swiftUI-1 */,
				183EF55E2B2AD94C00D600EA /* Products */,
			);
			sourceTree = "<group>";
		};
		183EF55E2B2AD94C00D600EA /* Products */ = {
			isa = PBXGroup;
			children = (
				183EF55D2B2AD94C00D600EA /* swiftUI-1.app */,
			);
			name = Products;
			sourceTree = "<group>";
		};
		183EF55F2B2AD94C00D600EA /* swiftUI-1 */ = {
			isa = PBXGroup;
			children = (
				183EF5602B2AD94C00D600EA /* swiftUI_1App.swift */,
				183EF5622B2AD94C00D600EA /* ContentView.swift */,
				183EF56E2B2B544F00D600EA /* WeatherButton.swift */,
				183EF5702B2B548300D600EA /* MainWeatherStatus.swift */,
				183EF5722B2B54A200D600EA /* CityTextView.swift */,
				183EF5742B2B54C300D600EA /* BackgroundView.swift */,
				183EF5762B2B54E200D600EA /* WeatherView.swift */,
				183EF5642B2AD94E00D600EA /* Assets.xcassets */,
				183EF5662B2AD94E00D600EA /* Preview Content */,
			);
			path = "swiftUI-1";
			sourceTree = "<group>";
		};
		183EF5662B2AD94E00D600EA /* Preview Content */ = {
			isa = PBXGroup;
			children = (
				183EF5672B2AD94E00D600EA /* Preview Assets.xcassets */,
			);
			path = "Preview Content";
			sourceTree = "<group>";
		};
/* End PBXGroup section */

/* Begin PBXNativeTarget section */
		183EF55C2B2AD94C00D600EA /* swiftUI-1 */ = {
			isa = PBXNativeTarget;
			buildConfigurationList = 183EF56B2B2AD94E00D600EA /* Build configuration list for PBXNativeTarget "swiftUI-1" */;
			buildPhases = (
				183EF5592B2AD94C00D600EA /* Sources */,
				183EF55A2B2AD94C00D600EA /* Frameworks */,
				183EF55B2B2AD94C00D600EA /* Resources */,
			);
			buildRules = (
			);
			dependencies = (
			);
			name = "swiftUI-1";
			productName = "swiftUI-1";
			productReference = 183EF55D2B2AD94C00D600EA /* swiftUI-1.app */;
			productType = "com.apple.product-type.application";
		};
/* End PBXNativeTarget section */

/* Begin PBXProject section */
		183EF5552B2AD94C00D600EA /* Project object */ = {
			isa = PBXProject;
			attributes = {
				BuildIndependentTargetsInParallel = 1;
				LastSwiftUpdateCheck = 1500;
				LastUpgradeCheck = 1500;
				TargetAttributes = {
					183EF55C2B2AD94C00D600EA = {
						CreatedOnToolsVersion = 15.0.1;
					};
				};
			};
			buildConfigurationList = 183EF5582B2AD94C00D600EA /* Build configuration list for PBXProject "swiftUI-1" */;
			compatibilityVersion = "Xcode 14.0";
			developmentRegion = en;
			hasScannedForEncodings = 0;
			knownRegions = (
				en,
				Base,
			);
			mainGroup = 183EF5542B2AD94C00D600EA;
			productRefGroup = 183EF55E2B2AD94C00D600EA /* Products */;
			projectDirPath = "";
			projectRoot = "";
			targets = (
				183EF55C2B2AD94C00D600EA /* swiftUI-1 */,
			);
		};
/* End PBXProject section */

/* Begin PBXResourcesBuildPhase section */
		183EF55B2B2AD94C00D600EA /* Resources */ = {
			isa = PBXResourcesBuildPhase;
			buildActionMask = 2147483647;
			files = (
				183EF5682B2AD94E00D600EA /* Preview Assets.xcassets in Resources */,
				183EF5652B2AD94E00D600EA /* Assets.xcassets in Resources */,
			);
			runOnlyForDeploymentPostprocessing = 0;
		};
/* End PBXResourcesBuildPhase section */

/* Begin PBXSourcesBuildPhase section */
		183EF5592B2AD94C00D600EA /* Sources */ = {
			isa = PBXSourcesBuildPhase;
			buildActionMask = 2147483647;
			files = (
				183EF5752B2B54C300D600EA /* BackgroundView.swift in Sources */,
				183EF5632B2AD94C00D600EA /* ContentView.swift in Sources */,
				183EF5732B2B54A200D600EA /* CityTextView.swift in Sources */,
				183EF56F2B2B544F00D600EA /* WeatherButton.swift in Sources */,
				183EF5612B2AD94C00D600EA /* swiftUI_1App.swift in Sources */,
				183EF5772B2B54E300D600EA /* WeatherView.swift in Sources */,
				183EF5712B2B548300D600EA /* MainWeatherStatus.swift in Sources */,
			);
			runOnlyForDeploymentPostprocessing = 0;
		};
/* End PBXSourcesBuildPhase section */

/* Begin XCBuildConfiguration section */
		183EF5692B2AD94E00D600EA /* Debug */ = {
			isa = XCBuildConfiguration;
			buildSettings = {
				ALWAYS_SEARCH_USER_PATHS = NO;
				ASSETCATALOG_COMPILER_GENERATE_SWIFT_ASSET_SYMBOL_EXTENSIONS = YES;
				CLANG_ANALYZER_NONNULL = YES;
				CLANG_ANALYZER_NUMBER_OBJECT_CONVERSION = YES_AGGRESSIVE;
				CLANG_CXX_LANGUAGE_STANDARD = "gnu++20";
				CLANG_ENABLE_MODULES = YES;
				CLANG_ENABLE_OBJC_ARC = YES;
				CLANG_ENABLE_OBJC_WEAK = YES;
				CLANG_WARN_BLOCK_CAPTURE_AUTORELEASING = YES;
				CLANG_WARN_BOOL_CONVERSION = YES;
				CLANG_WARN_COMMA = YES;
				CLANG_WARN_CONSTANT_CONVERSION = YES;
				CLANG_WARN_DEPRECATED_OBJC_IMPLEMENTATIONS = YES;
				CLANG_WARN_DIRECT_OBJC_ISA_USAGE = YES_ERROR;
				CLANG_WARN_DOCUMENTATION_COMMENTS = YES;
				CLANG_WARN_EMPTY_BODY = YES;
				CLANG_WARN_ENUM_CONVERSION = YES;
				CLANG_WARN_INFINITE_RECURSION = YES;
				CLANG_WARN_INT_CONVERSION = YES;
				CLANG_WARN_NON_LITERAL_NULL_CONVERSION = YES;
				CLANG_WARN_OBJC_IMPLICIT_RETAIN_SELF = YES;
				CLANG_WARN_OBJC_LITERAL_CONVERSION = YES;
				CLANG_WARN_OBJC_ROOT_CLASS = YES_ERROR;
				CLANG_WARN_QUOTED_INCLUDE_IN_FRAMEWORK_HEADER = YES;
				CLANG_WARN_RANGE_LOOP_ANALYSIS = YES;
				CLANG_WARN_STRICT_PROTOTYPES = YES;
				CLANG_WARN_SUSPICIOUS_MOVE = YES;
				CLANG_WARN_UNGUARDED_AVAILABILITY = YES_AGGRESSIVE;
				CLANG_WARN_UNREACHABLE_CODE = YES;
				CLANG_WARN__DUPLICATE_METHOD_MATCH = YES;
				COPY_PHASE_STRIP = NO;
				DEBUG_INFORMATION_FORMAT = dwarf;
				ENABLE_STRICT_OBJC_MSGSEND = YES;
				ENABLE_TESTABILITY = YES;
				ENABLE_USER_SCRIPT_SANDBOXING = YES;
				GCC_C_LANGUAGE_STANDARD = gnu17;
				GCC_DYNAMIC_NO_PIC = NO;
				GCC_NO_COMMON_BLOCKS = YES;
				GCC_OPTIMIZATION_LEVEL = 0;
				GCC_PREPROCESSOR_DEFINITIONS = (
					"DEBUG=1",
					"$(inherited)",
				);
				GCC_WARN_64_TO_32_BIT_CONVERSION = YES;
				GCC_WARN_ABOUT_RETURN_TYPE = YES_ERROR;
				GCC_WARN_UNDECLARED_SELECTOR = YES;
				GCC_WARN_UNINITIALIZED_AUTOS = YES_AGGRESSIVE;
				GCC_WARN_UNUSED_FUNCTION = YES;
				GCC_WARN_UNUSED_VARIABLE = YES;
				IPHONEOS_DEPLOYMENT_TARGET = 17.0;
				LOCALIZATION_PREFERS_STRING_CATALOGS = YES;
				MTL_ENABLE_DEBUG_INFO = INCLUDE_SOURCE;
				MTL_FAST_MATH = YES;
				ONLY_ACTIVE_ARCH = YES;
				SDKROOT = iphoneos;
				SWIFT_ACTIVE_COMPILATION_CONDITIONS = "DEBUG $(inherited)";
				SWIFT_OPTIMIZATION_LEVEL = "-Onone";
			};
			name = Debug;
		};
		183EF56A2B2AD94E00D600EA /* Release */ = {
			isa = XCBuildConfiguration;
			buildSettings = {
				ALWAYS_SEARCH_USER_PATHS = NO;
				ASSETCATALOG_COMPILER_GENERATE_SWIFT_ASSET_SYMBOL_EXTENSIONS = YES;
				CLANG_ANALYZER_NONNULL = YES;
				CLANG_ANALYZER_NUMBER_OBJECT_CONVERSION = YES_AGGRESSIVE;
				CLANG_CXX_LANGUAGE_STANDARD = "gnu++20";
				CLANG_ENABLE_MODULES = YES;
				CLANG_ENABLE_OBJC_ARC = YES;
				CLANG_ENABLE_OBJC_WEAK = YES;
				CLANG_WARN_BLOCK_CAPTURE_AUTORELEASING = YES;
				CLANG_WARN_BOOL_CONVERSION = YES;
				CLANG_WARN_COMMA = YES;
				CLANG_WARN_CONSTANT_CONVERSION = YES;
				CLANG_WARN_DEPRECATED_OBJC_IMPLEMENTATIONS = YES;
				CLANG_WARN_DIRECT_OBJC_ISA_USAGE = YES_ERROR;
				CLANG_WARN_DOCUMENTATION_COMMENTS = YES;
				CLANG_WARN_EMPTY_BODY = YES;
				CLANG_WARN_ENUM_CONVERSION = YES;
				CLANG_WARN_INFINITE_RECURSION = YES;
				CLANG_WARN_INT_CONVERSION = YES;
				CLANG_WARN_NON_LITERAL_NULL_CONVERSION = YES;
				CLANG_WARN_OBJC_IMPLICIT_RETAIN_SELF = YES;
				CLANG_WARN_OBJC_LITERAL_CONVERSION = YES;
				CLANG_WARN_OBJC_ROOT_CLASS = YES_ERROR;
				CLANG_WARN_QUOTED_INCLUDE_IN_FRAMEWORK_HEADER = YES;
				CLANG_WARN_RANGE_LOOP_ANALYSIS = YES;
				CLANG_WARN_STRICT_PROTOTYPES = YES;
				CLANG_WARN_SUSPICIOUS_MOVE = YES;
				CLANG_WARN_UNGUARDED_AVAILABILITY = YES_AGGRESSIVE;
				CLANG_WARN_UNREACHABLE_CODE = YES;
				CLANG_WARN__DUPLICATE_METHOD_MATCH = YES;
				COPY_PHASE_STRIP = NO;
				DEBUG_INFORMATION_FORMAT = "dwarf-with-dsym";
				ENABLE_NS_ASSERTIONS = NO;
				ENABLE_STRICT_OBJC_MSGSEND = YES;
				ENABLE_USER_SCRIPT_SANDBOXING = YES;
				GCC_C_LANGUAGE_STANDARD = gnu17;
				GCC_NO_COMMON_BLOCKS = YES;
				GCC_WARN_64_TO_32_BIT_CONVERSION = YES;
				GCC_WARN_ABOUT_RETURN_TYPE = YES_ERROR;
				GCC_WARN_UNDECLARED_SELECTOR = YES;
				GCC_WARN_UNINITIALIZED_AUTOS = YES_AGGRESSIVE;
				GCC_WARN_UNUSED_FUNCTION = YES;
				GCC_WARN_UNUSED_VARIABLE = YES;
				IPHONEOS_DEPLOYMENT_TARGET = 17.0;
				LOCALIZATION_PREFERS_STRING_CATALOGS = YES;
				MTL_ENABLE_DEBUG_INFO = NO;
				MTL_FAST_MATH = YES;
				SDKROOT = iphoneos;
				SWIFT_COMPILATION_MODE = wholemodule;
				VALIDATE_PRODUCT = YES;
			};
			name = Release;
		};
		183EF56C2B2AD94E00D600EA /* Debug */ = {
			isa = XCBuildConfiguration;
			buildSettings = {
				ASSETCATALOG_COMPILER_APPICON_NAME = AppIcon;
				ASSETCATALOG_COMPILER_GLOBAL_ACCENT_COLOR_NAME = AccentColor;
				CODE_SIGN_STYLE = Automatic;
				CURRENT_PROJECT_VERSION = 1;
				DEVELOPMENT_ASSET_PATHS = "\"swiftUI-1/Preview Content\"";
				ENABLE_PREVIEWS = YES;
				GENERATE_INFOPLIST_FILE = YES;
				INFOPLIST_KEY_UIApplicationSceneManifest_Generation = YES;
				INFOPLIST_KEY_UIApplicationSupportsIndirectInputEvents = YES;
				INFOPLIST_KEY_UILaunchScreen_Generation = YES;
				INFOPLIST_KEY_UISupportedInterfaceOrientations_iPad = "UIInterfaceOrientationPortrait UIInterfaceOrientationPortraitUpsideDown UIInterfaceOrientationLandscapeLeft UIInterfaceOrientationLandscapeRight";
				INFOPLIST_KEY_UISupportedInterfaceOrientations_iPhone = "UIInterfaceOrientationPortrait UIInterfaceOrientationLandscapeLeft UIInterfaceOrientationLandscapeRight";
				LD_RUNPATH_SEARCH_PATHS = (
					"$(inherited)",
					"@executable_path/Frameworks",
				);
				MARKETING_VERSION = 1.0;
				PRODUCT_BUNDLE_IDENTIFIER = "com.progton.swiftUI-1";
				PRODUCT_NAME = "$(TARGET_NAME)";
				SWIFT_EMIT_LOC_STRINGS = YES;
				SWIFT_VERSION = 5.0;
				TARGETED_DEVICE_FAMILY = "1,2";
			};
			name = Debug;
		};
		183EF56D2B2AD94E00D600EA /* Release */ = {
			isa = XCBuildConfiguration;
			buildSettings = {
				ASSETCATALOG_COMPILER_APPICON_NAME = AppIcon;
				ASSETCATALOG_COMPILER_GLOBAL_ACCENT_COLOR_NAME = AccentColor;
				CODE_SIGN_STYLE = Automatic;
				CURRENT_PROJECT_VERSION = 1;
				DEVELOPMENT_ASSET_PATHS = "\"swiftUI-1/Preview Content\"";
				ENABLE_PREVIEWS = YES;
				GENERATE_INFOPLIST_FILE = YES;
				INFOPLIST_KEY_UIApplicationSceneManifest_Generation = YES;
				INFOPLIST_KEY_UIApplicationSupportsIndirectInputEvents = YES;
				INFOPLIST_KEY_UILaunchScreen_Generation = YES;
				INFOPLIST_KEY_UISupportedInterfaceOrientations_iPad = "UIInterfaceOrientationPortrait UIInterfaceOrientationPortraitUpsideDown UIInterfaceOrientationLandscapeLeft UIInterfaceOrientationLandscapeRight";
				INFOPLIST_KEY_UISupportedInterfaceOrientations_iPhone = "UIInterfaceOrientationPortrait UIInterfaceOrientationLandscapeLeft UIInterfaceOrientationLandscapeRight";
				LD_RUNPATH_SEARCH_PATHS = (
					"$(inherited)",
					"@executable_path/Frameworks",
				);
				MARKETING_VERSION = 1.0;
				PRODUCT_BUNDLE_IDENTIFIER = "com.progton.swiftUI-1";
				PRODUCT_NAME = "$(TARGET_NAME)";
				SWIFT_EMIT_LOC_STRINGS = YES;
				SWIFT_VERSION = 5.0;
				TARGETED_DEVICE_FAMILY = "1,2";
			};
			name = Release;
		};
/* End XCBuildConfiguration section */

/* Begin XCConfigurationList section */
		183EF5582B2AD94C00D600EA /* Build configuration list for PBXProject "swiftUI-1" */ = {
			isa = XCConfigurationList;
			buildConfigurations = (
				183EF5692B2AD94E00D600EA /* Debug */,
				183EF56A2B2AD94E00D600EA /* Release */,
			);
			defaultConfigurationIsVisible = 0;
			defaultConfigurationName = Release;
		};
		183EF56B2B2AD94E00D600EA /* Build configuration list for PBXNativeTarget "swiftUI-1" */ = {
			isa = XCConfigurationList;
			buildConfigurations = (
				183EF56C2B2AD94E00D600EA /* Debug */,
				183EF56D2B2AD94E00D600EA /* Release */,
			);
			defaultConfigurationIsVisible = 0;
			defaultConfigurationName = Release;
		};
/* End XCConfigurationList section */
	};
	rootObject = 183EF5552B2AD94C00D600EA /* Project object */;
}
